
Microsoft Visual Studio Solution File, Format Version 12.00
# Visual Studio Version 16
VisualStudioVersion = 16.0.31729.503
MinimumVisualStudioVersion = 10.0.40219.1
Project("{9A19103F-16F7-4668-BE54-9A1E7A4F7556}") = "GUI", "GUI\GUI.csproj", "{0D323684-516F-491F-B729-8411A35DFC36}"
EndProject
Project("{9A19103F-16F7-4668-BE54-9A1E7A4F7556}") = "Tests", "Tests\Tests.csproj", "{B9CE590E-DEF4-4209-A34A-B09286D023F6}"
EndProject
Project("{9A19103F-16F7-4668-BE54-9A1E7A4F7556}") = "BetterTriggers", "BetterTriggers\BetterTriggers.csproj", "{ED6F38DD-0E3A-47B0-803E-2D9E6D04C83E}"
EndProject
Project("{2150E333-8FDC-42A3-9474-1A3956D46DE8}") = "War3Net", "War3Net", "{5F07BCA7-89C2-40EF-8D45-757FC099CAC3}"
EndProject
Project("{9A19103F-16F7-4668-BE54-9A1E7A4F7556}") = "War3Net.Build", "War3Net\src\War3Net.Build\War3Net.Build.csproj", "{2A9071CA-EB5A-49A3-A54B-C47915B81C27}"
EndProject
Project("{9A19103F-16F7-4668-BE54-9A1E7A4F7556}") = "War3Net.Build.Core", "War3Net\src\War3Net.Build.Core\War3Net.Build.Core.csproj", "{5BC3F53F-D763-40CE-9A86-653E67B32087}"
EndProject
Project("{9A19103F-16F7-4668-BE54-9A1E7A4F7556}") = "War3Net.CodeAnalysis", "War3Net\src\War3Net.CodeAnalysis\War3Net.CodeAnalysis.csproj", "{B03CA2B6-682C-4673-AEEC-FF64BE1B5A58}"
EndProject
Project("{9A19103F-16F7-4668-BE54-9A1E7A4F7556}") = "War3Net.CodeAnalysis.Jass", "War3Net\src\War3Net.CodeAnalysis.Jass\War3Net.CodeAnalysis.Jass.csproj", "{7DAA09CA-1BBE-4C3A-8D37-BA206B1B17B5}"
EndProject
Project("{9A19103F-16F7-4668-BE54-9A1E7A4F7556}") = "War3Net.CodeAnalysis.Transpilers", "War3Net\src\War3Net.CodeAnalysis.Transpilers\War3Net.CodeAnalysis.Transpilers.csproj", "{3075A7CD-2F1C-43E9-ACF4-33A1B7B932C4}"
EndProject
Project("{9A19103F-16F7-4668-BE54-9A1E7A4F7556}") = "War3Net.Common", "War3Net\src\War3Net.Common\War3Net.Common.csproj", "{831CD247-E03B-4424-9527-4C74577A7A68}"
EndProject
Project("{9A19103F-16F7-4668-BE54-9A1E7A4F7556}") = "War3Net.IO.Compression", "War3Net\src\War3Net.IO.Compression\War3Net.IO.Compression.csproj", "{71FB4E7D-A8E9-4160-B4FE-1A795F9D04E6}"
EndProject
Project("{9A19103F-16F7-4668-BE54-9A1E7A4F7556}") = "War3Net.IO.Mpq", "War3Net\src\War3Net.IO.Mpq\War3Net.IO.Mpq.csproj", "{F5F64D42-3599-49F3-8130-AAAFDB6BDB72}"
EndProject
Project("{9A19103F-16F7-4668-BE54-9A1E7A4F7556}") = "War3Net.IO.Slk", "War3Net\src\War3Net.IO.Slk\War3Net.IO.Slk.csproj", "{02AE4348-D92A-4FC0-B739-E42CD1A0ED40}"
EndProject
Project("{9A19103F-16F7-4668-BE54-9A1E7A4F7556}") = "CSharp.lua", "War3Net\submodules\CSharp.lua\CSharp.lua\CSharp.lua.csproj", "{F2577715-E284-4252-8082-C7C2DB8026AD}"
EndProject
Global
	GlobalSection(SolutionConfigurationPlatforms) = preSolution
		Debug|Any CPU = Debug|Any CPU
		Release|Any CPU = Release|Any CPU
	EndGlobalSection
	GlobalSection(ProjectConfigurationPlatforms) = postSolution
		{0D323684-516F-491F-B729-8411A35DFC36}.Debug|Any CPU.ActiveCfg = Debug|Any CPU
		{0D323684-516F-491F-B729-8411A35DFC36}.Debug|Any CPU.Build.0 = Debug|Any CPU
		{0D323684-516F-491F-B729-8411A35DFC36}.Release|Any CPU.ActiveCfg = Release|Any CPU
		{0D323684-516F-491F-B729-8411A35DFC36}.Release|Any CPU.Build.0 = Release|Any CPU
		{B9CE590E-DEF4-4209-A34A-B09286D023F6}.Debug|Any CPU.ActiveCfg = Debug|Any CPU
		{B9CE590E-DEF4-4209-A34A-B09286D023F6}.Debug|Any CPU.Build.0 = Debug|Any CPU
		{B9CE590E-DEF4-4209-A34A-B09286D023F6}.Release|Any CPU.ActiveCfg = Release|Any CPU
		{B9CE590E-DEF4-4209-A34A-B09286D023F6}.Release|Any CPU.Build.0 = Release|Any CPU
		{ED6F38DD-0E3A-47B0-803E-2D9E6D04C83E}.Debug|Any CPU.ActiveCfg = Debug|Any CPU
		{ED6F38DD-0E3A-47B0-803E-2D9E6D04C83E}.Debug|Any CPU.Build.0 = Debug|Any CPU
		{ED6F38DD-0E3A-47B0-803E-2D9E6D04C83E}.Release|Any CPU.ActiveCfg = Release|Any CPU
		{ED6F38DD-0E3A-47B0-803E-2D9E6D04C83E}.Release|Any CPU.Build.0 = Release|Any CPU
		{2A9071CA-EB5A-49A3-A54B-C47915B81C27}.Debug|Any CPU.ActiveCfg = Debug|Any CPU
		{2A9071CA-EB5A-49A3-A54B-C47915B81C27}.Debug|Any CPU.Build.0 = Debug|Any CPU
		{2A9071CA-EB5A-49A3-A54B-C47915B81C27}.Release|Any CPU.ActiveCfg = Release|Any CPU
		{2A9071CA-EB5A-49A3-A54B-C47915B81C27}.Release|Any CPU.Build.0 = Release|Any CPU
		{5BC3F53F-D763-40CE-9A86-653E67B32087}.Debug|Any CPU.ActiveCfg = Debug|Any CPU
		{5BC3F53F-D763-40CE-9A86-653E67B32087}.Debug|Any CPU.Build.0 = Debug|Any CPU
		{5BC3F53F-D763-40CE-9A86-653E67B32087}.Release|Any CPU.ActiveCfg = Release|Any CPU
		{5BC3F53F-D763-40CE-9A86-653E67B32087}.Release|Any CPU.Build.0 = Release|Any CPU
		{B03CA2B6-682C-4673-AEEC-FF64BE1B5A58}.Debug|Any CPU.ActiveCfg = Debug|Any CPU
		{B03CA2B6-682C-4673-AEEC-FF64BE1B5A58}.Debug|Any CPU.Build.0 = Debug|Any CPU
		{B03CA2B6-682C-4673-AEEC-FF64BE1B5A58}.Release|Any CPU.ActiveCfg = Release|Any CPU
		{B03CA2B6-682C-4673-AEEC-FF64BE1B5A58}.Release|Any CPU.Build.0 = Release|Any CPU
		{7DAA09CA-1BBE-4C3A-8D37-BA206B1B17B5}.Debug|Any CPU.ActiveCfg = Debug|Any CPU
		{7DAA09CA-1BBE-4C3A-8D37-BA206B1B17B5}.Debug|Any CPU.Build.0 = Debug|Any CPU
		{7DAA09CA-1BBE-4C3A-8D37-BA206B1B17B5}.Release|Any CPU.ActiveCfg = Release|Any CPU
		{7DAA09CA-1BBE-4C3A-8D37-BA206B1B17B5}.Release|Any CPU.Build.0 = Release|Any CPU
		{3075A7CD-2F1C-43E9-ACF4-33A1B7B932C4}.Debug|Any CPU.ActiveCfg = Debug|Any CPU
		{3075A7CD-2F1C-43E9-ACF4-33A1B7B932C4}.Debug|Any CPU.Build.0 = Debug|Any CPU
		{3075A7CD-2F1C-43E9-ACF4-33A1B7B932C4}.Release|Any CPU.ActiveCfg = Release|Any CPU
		{3075A7CD-2F1C-43E9-ACF4-33A1B7B932C4}.Release|Any CPU.Build.0 = Release|Any CPU
		{831CD247-E03B-4424-9527-4C74577A7A68}.Debug|Any CPU.ActiveCfg = Debug|Any CPU
		{831CD247-E03B-4424-9527-4C74577A7A68}.Debug|Any CPU.Build.0 = Debug|Any CPU
		{831CD247-E03B-4424-9527-4C74577A7A68}.Release|Any CPU.ActiveCfg = Release|Any CPU
		{831CD247-E03B-4424-9527-4C74577A7A68}.Release|Any CPU.Build.0 = Release|Any CPU
		{71FB4E7D-A8E9-4160-B4FE-1A795F9D04E6}.Debug|Any CPU.ActiveCfg = Debug|Any CPU
		{71FB4E7D-A8E9-4160-B4FE-1A795F9D04E6}.Debug|Any CPU.Build.0 = Debug|Any CPU
		{71FB4E7D-A8E9-4160-B4FE-1A795F9D04E6}.Release|Any CPU.ActiveCfg = Release|Any CPU
		{71FB4E7D-A8E9-4160-B4FE-1A795F9D04E6}.Release|Any CPU.Build.0 = Release|Any CPU
		{F5F64D42-3599-49F3-8130-AAAFDB6BDB72}.Debug|Any CPU.ActiveCfg = Debug|Any CPU
		{F5F64D42-3599-49F3-8130-AAAFDB6BDB72}.Debug|Any CPU.Build.0 = Debug|Any CPU
		{F5F64D42-3599-49F3-8130-AAAFDB6BDB72}.Release|Any CPU.ActiveCfg = Release|Any CPU
		{F5F64D42-3599-49F3-8130-AAAFDB6BDB72}.Release|Any CPU.Build.0 = Release|Any CPU
		{02AE4348-D92A-4FC0-B739-E42CD1A0ED40}.Debug|Any CPU.ActiveCfg = Debug|Any CPU
		{02AE4348-D92A-4FC0-B739-E42CD1A0ED40}.Debug|Any CPU.Build.0 = Debug|Any CPU
		{02AE4348-D92A-4FC0-B739-E42CD1A0ED40}.Release|Any CPU.ActiveCfg = Release|Any CPU
		{02AE4348-D92A-4FC0-B739-E42CD1A0ED40}.Release|Any CPU.Build.0 = Release|Any CPU
		{F2577715-E284-4252-8082-C7C2DB8026AD}.Debug|Any CPU.ActiveCfg = Debug|Any CPU
		{F2577715-E284-4252-8082-C7C2DB8026AD}.Debug|Any CPU.Build.0 = Debug|Any CPU
		{F2577715-E284-4252-8082-C7C2DB8026AD}.Release|Any CPU.ActiveCfg = Release|Any CPU
		{F2577715-E284-4252-8082-C7C2DB8026AD}.Release|Any CPU.Build.0 = Release|Any CPU
	EndGlobalSection
	GlobalSection(SolutionProperties) = preSolution
		HideSolutionNode = FALSE
	EndGlobalSection
	GlobalSection(NestedProjects) = preSolution
		{2A9071CA-EB5A-49A3-A54B-C47915B81C27} = {5F07BCA7-89C2-40EF-8D45-757FC099CAC3}
		{5BC3F53F-D763-40CE-9A86-653E67B32087} = {5F07BCA7-89C2-40EF-8D45-757FC099CAC3}
		{B03CA2B6-682C-4673-AEEC-FF64BE1B5A58} = {5F07BCA7-89C2-40EF-8D45-757FC099CAC3}
		{7DAA09CA-1BBE-4C3A-8D37-BA206B1B17B5} = {5F07BCA7-89C2-40EF-8D45-757FC099CAC3}
		{3075A7CD-2F1C-43E9-ACF4-33A1B7B932C4} = {5F07BCA7-89C2-40EF-8D45-757FC099CAC3}
		{831CD247-E03B-4424-9527-4C74577A7A68} = {5F07BCA7-89C2-40EF-8D45-757FC099CAC3}
		{71FB4E7D-A8E9-4160-B4FE-1A795F9D04E6} = {5F07BCA7-89C2-40EF-8D45-757FC099CAC3}
		{F5F64D42-3599-49F3-8130-AAAFDB6BDB72} = {5F07BCA7-89C2-40EF-8D45-757FC099CAC3}
		{02AE4348-D92A-4FC0-B739-E42CD1A0ED40} = {5F07BCA7-89C2-40EF-8D45-757FC099CAC3}
		{F2577715-E284-4252-8082-C7C2DB8026AD} = {5F07BCA7-89C2-40EF-8D45-757FC099CAC3}
	EndGlobalSection
	GlobalSection(ExtensibilityGlobals) = postSolution
		SolutionGuid = {12B352C3-97FF-41E6-97AA-C81436C446B8}
	EndGlobalSection
EndGlobal
