
Microsoft Visual Studio Solution File, Format Version 12.00
# Visual Studio Version 16
VisualStudioVersion = 16.0.31729.503
MinimumVisualStudioVersion = 10.0.40219.1
Project("{9A19103F-16F7-4668-BE54-9A1E7A4F7556}") = "GUI", "GUI\GUI.csproj", "{0D323684-516F-491F-B729-8411A35DFC36}"
EndProject
Project("{9A19103F-16F7-4668-BE54-9A1E7A4F7556}") = "ConsoleTest", "ConsoleTest\ConsoleTest.csproj", "{7ECF0756-75C4-476C-B2DD-CA938E990890}"
EndProject
Project("{9A19103F-16F7-4668-BE54-9A1E7A4F7556}") = "Tests", "Tests\Tests.csproj", "{B9CE590E-DEF4-4209-A34A-B09286D023F6}"
EndProject
Project("{9A19103F-16F7-4668-BE54-9A1E7A4F7556}") = "BetterTriggers", "BetterTriggers\BetterTriggers.csproj", "{ED6F38DD-0E3A-47B0-803E-2D9E6D04C83E}"
EndProject
Project("{9A19103F-16F7-4668-BE54-9A1E7A4F7556}") = "Model", "Model\Model.csproj", "{A708DA97-E502-4F4C-A28C-1333A27241C6}"
EndProject
Project("{9A19103F-16F7-4668-BE54-9A1E7A4F7556}") = "TriggerParser", "TriggerParser\TriggerParser.csproj", "{23F107CB-CE33-4348-A068-ABA5C531C107}"
EndProject
Global
	GlobalSection(SolutionConfigurationPlatforms) = preSolution
		Debug|Any CPU = Debug|Any CPU
		Release|Any CPU = Release|Any CPU
	EndGlobalSection
	GlobalSection(ProjectConfigurationPlatforms) = postSolution
		{0D323684-516F-491F-B729-8411A35DFC36}.Debug|Any CPU.ActiveCfg = Debug|Any CPU
		{0D323684-516F-491F-B729-8411A35DFC36}.Debug|Any CPU.Build.0 = Debug|Any CPU
		{0D323684-516F-491F-B729-8411A35DFC36}.Release|Any CPU.ActiveCfg = Release|Any CPU
		{0D323684-516F-491F-B729-8411A35DFC36}.Release|Any CPU.Build.0 = Release|Any CPU
		{7ECF0756-75C4-476C-B2DD-CA938E990890}.Debug|Any CPU.ActiveCfg = Debug|Any CPU
		{7ECF0756-75C4-476C-B2DD-CA938E990890}.Debug|Any CPU.Build.0 = Debug|Any CPU
		{7ECF0756-75C4-476C-B2DD-CA938E990890}.Release|Any CPU.ActiveCfg = Release|Any CPU
		{7ECF0756-75C4-476C-B2DD-CA938E990890}.Release|Any CPU.Build.0 = Release|Any CPU
		{B9CE590E-DEF4-4209-A34A-B09286D023F6}.Debug|Any CPU.ActiveCfg = Debug|Any CPU
		{B9CE590E-DEF4-4209-A34A-B09286D023F6}.Debug|Any CPU.Build.0 = Debug|Any CPU
		{B9CE590E-DEF4-4209-A34A-B09286D023F6}.Release|Any CPU.ActiveCfg = Release|Any CPU
		{B9CE590E-DEF4-4209-A34A-B09286D023F6}.Release|Any CPU.Build.0 = Release|Any CPU
		{ED6F38DD-0E3A-47B0-803E-2D9E6D04C83E}.Debug|Any CPU.ActiveCfg = Debug|Any CPU
		{ED6F38DD-0E3A-47B0-803E-2D9E6D04C83E}.Debug|Any CPU.Build.0 = Debug|Any CPU
		{ED6F38DD-0E3A-47B0-803E-2D9E6D04C83E}.Release|Any CPU.ActiveCfg = Release|Any CPU
		{ED6F38DD-0E3A-47B0-803E-2D9E6D04C83E}.Release|Any CPU.Build.0 = Release|Any CPU
		{A708DA97-E502-4F4C-A28C-1333A27241C6}.Debug|Any CPU.ActiveCfg = Debug|Any CPU
		{A708DA97-E502-4F4C-A28C-1333A27241C6}.Debug|Any CPU.Build.0 = Debug|Any CPU
		{A708DA97-E502-4F4C-A28C-1333A27241C6}.Release|Any CPU.ActiveCfg = Release|Any CPU
		{A708DA97-E502-4F4C-A28C-1333A27241C6}.Release|Any CPU.Build.0 = Release|Any CPU
		{23F107CB-CE33-4348-A068-ABA5C531C107}.Debug|Any CPU.ActiveCfg = Debug|Any CPU
		{23F107CB-CE33-4348-A068-ABA5C531C107}.Debug|Any CPU.Build.0 = Debug|Any CPU
		{23F107CB-CE33-4348-A068-ABA5C531C107}.Release|Any CPU.ActiveCfg = Release|Any CPU
		{23F107CB-CE33-4348-A068-ABA5C531C107}.Release|Any CPU.Build.0 = Release|Any CPU
	EndGlobalSection
	GlobalSection(SolutionProperties) = preSolution
		HideSolutionNode = FALSE
	EndGlobalSection
	GlobalSection(ExtensibilityGlobals) = postSolution
		SolutionGuid = {12B352C3-97FF-41E6-97AA-C81436C446B8}
	EndGlobalSection
EndGlobal
