
Microsoft Visual Studio Solution File, Format Version 12.00
# Visual Studio Version 16
VisualStudioVersion = 16.0.29215.179
MinimumVisualStudioVersion = 10.0.40219.1
Project("{9A19103F-16F7-4668-BE54-9A1E7A4F7556}") = "CSharp.lua", "CSharp.lua\CSharp.lua.csproj", "{0CF2866D-CB70-4E0A-84DB-B09D6FC9948C}"
EndProject
Project("{9A19103F-16F7-4668-BE54-9A1E7A4F7556}") = "CSharp.lua.Launcher", "CSharp.lua.Launcher\CSharp.lua.Launcher.csproj", "{5D512FF6-7C1D-44EE-934C-2E970AA1BFB4}"
EndProject
Project("{9A19103F-16F7-4668-BE54-9A1E7A4F7556}") = "CSharp.lua.CoreSystem", "CSharp.lua.CoreSystem\CSharp.lua.CoreSystem.csproj", "{BE1136C6-E2FB-4E8C-BA71-359DC11F923F}"
EndProject
Project("{9A19103F-16F7-4668-BE54-9A1E7A4F7556}") = "CSharp.lua.Api", "CSharp.lua.Api\CSharp.lua.Api.csproj", "{98BA3666-A1F7-4366-8807-3D4D7D15892B}"
EndProject
Project("{9A19103F-16F7-4668-BE54-9A1E7A4F7556}") = "CSharp.lua.Tests", "CSharp.lua.Tests\CSharp.lua.Tests.csproj", "{84566F2F-8D30-4FA5-BB46-3EA9F964F4B7}"
EndProject
Global
	GlobalSection(SolutionConfigurationPlatforms) = preSolution
		Debug|Any CPU = Debug|Any CPU
		Release|Any CPU = Release|Any CPU
	EndGlobalSection
	GlobalSection(ProjectConfigurationPlatforms) = postSolution
		{0CF2866D-CB70-4E0A-84DB-B09D6FC9948C}.Debug|Any CPU.ActiveCfg = Debug|Any CPU
		{0CF2866D-CB70-4E0A-84DB-B09D6FC9948C}.Debug|Any CPU.Build.0 = Debug|Any CPU
		{0CF2866D-CB70-4E0A-84DB-B09D6FC9948C}.Release|Any CPU.ActiveCfg = Release|Any CPU
		{0CF2866D-CB70-4E0A-84DB-B09D6FC9948C}.Release|Any CPU.Build.0 = Release|Any CPU
		{5D512FF6-7C1D-44EE-934C-2E970AA1BFB4}.Debug|Any CPU.ActiveCfg = Debug|Any CPU
		{5D512FF6-7C1D-44EE-934C-2E970AA1BFB4}.Debug|Any CPU.Build.0 = Debug|Any CPU
		{5D512FF6-7C1D-44EE-934C-2E970AA1BFB4}.Release|Any CPU.ActiveCfg = Release|Any CPU
		{5D512FF6-7C1D-44EE-934C-2E970AA1BFB4}.Release|Any CPU.Build.0 = Release|Any CPU
		{BE1136C6-E2FB-4E8C-BA71-359DC11F923F}.Debug|Any CPU.ActiveCfg = Debug|Any CPU
		{BE1136C6-E2FB-4E8C-BA71-359DC11F923F}.Debug|Any CPU.Build.0 = Debug|Any CPU
		{BE1136C6-E2FB-4E8C-BA71-359DC11F923F}.Release|Any CPU.ActiveCfg = Release|Any CPU
		{BE1136C6-E2FB-4E8C-BA71-359DC11F923F}.Release|Any CPU.Build.0 = Release|Any CPU
		{98BA3666-A1F7-4366-8807-3D4D7D15892B}.Debug|Any CPU.ActiveCfg = Debug|Any CPU
		{98BA3666-A1F7-4366-8807-3D4D7D15892B}.Debug|Any CPU.Build.0 = Debug|Any CPU
		{98BA3666-A1F7-4366-8807-3D4D7D15892B}.Release|Any CPU.ActiveCfg = Release|Any CPU
		{98BA3666-A1F7-4366-8807-3D4D7D15892B}.Release|Any CPU.Build.0 = Release|Any CPU
		{84566F2F-8D30-4FA5-BB46-3EA9F964F4B7}.Debug|Any CPU.ActiveCfg = Debug|Any CPU
		{84566F2F-8D30-4FA5-BB46-3EA9F964F4B7}.Debug|Any CPU.Build.0 = Debug|Any CPU
		{84566F2F-8D30-4FA5-BB46-3EA9F964F4B7}.Release|Any CPU.ActiveCfg = Release|Any CPU
		{84566F2F-8D30-4FA5-BB46-3EA9F964F4B7}.Release|Any CPU.Build.0 = Release|Any CPU
	EndGlobalSection
	GlobalSection(SolutionProperties) = preSolution
		HideSolutionNode = FALSE
	EndGlobalSection
	GlobalSection(ExtensibilityGlobals) = postSolution
		SolutionGuid = {DDC910EB-B68C-454D-AFD4-3E5C746BFAE0}
	EndGlobalSection
EndGlobal
